// !$*UTF8*$!
{
	archiveVersion = 1;
	classes = {
	};
	objectVersion = 44;
	objects = {

/* Begin PBXBuildFile section */
		3D06F5510D7F8A1500E4C37B /* resize.cpp in Sources */ = {isa = PBXBuildFile; fileRef = 3D06F5500D7F8A1500E4C37B /* resize.cpp */; };
		3D2A99C30D7F1CB9003153F5 /* image.cpp in Sources */ = {isa = PBXBuildFile; fileRef = 3D2A99C20D7F1CB9003153F5 /* image.cpp */; };
		3D2A99DF0D7F258E003153F5 /* jpeg.cpp in Sources */ = {isa = PBXBuildFile; fileRef = 3D2A99DE0D7F258E003153F5 /* jpeg.cpp */; };
		3D5A944C0D7F4F4D007B08C9 /* libjpeg.a in Frameworks */ = {isa = PBXBuildFile; fileRef = 3D5A944B0D7F4F4D007B08C9 /* libjpeg.a */; };
		8DD76F650486A84900D96B5E /* main.cpp in Sources */ = {isa = PBXBuildFile; fileRef = 08FB7796FE84155DC02AAC07 /* main.cpp */; settings = {ATTRIBUTES = (); }; };
/* End PBXBuildFile section */

/* Begin PBXCopyFilesBuildPhase section */
		8DD76F690486A84900D96B5E /* CopyFiles */ = {
			isa = PBXCopyFilesBuildPhase;
			buildActionMask = 8;
			dstPath = /usr/share/man/man1/;
			dstSubfolderSpec = 0;
			files = (
			);
			runOnlyForDeploymentPostprocessing = 1;
		};
/* End PBXCopyFilesBuildPhase section */

/* Begin PBXFileReference section */
		08FB7796FE84155DC02AAC07 /* main.cpp */ = {isa = PBXFileReference; fileEncoding = 4; lastKnownFileType = sourcecode.cpp.cpp; path = main.cpp; sourceTree = "<group>"; };
		3D06F54F0D7F8A1500E4C37B /* resize.h */ = {isa = PBXFileReference; fileEncoding = 4; lastKnownFileType = sourcecode.c.h; path = resize.h; sourceTree = "<group>"; };
		3D06F5500D7F8A1500E4C37B /* resize.cpp */ = {isa = PBXFileReference; fileEncoding = 4; lastKnownFileType = sourcecode.cpp.cpp; path = resize.cpp; sourceTree = "<group>"; };
		3D2A99C10D7F1CB9003153F5 /* image.h */ = {isa = PBXFileReference; fileEncoding = 4; lastKnownFileType = sourcecode.c.h; path = image.h; sourceTree = "<group>"; };
		3D2A99C20D7F1CB9003153F5 /* image.cpp */ = {isa = PBXFileReference; fileEncoding = 4; lastKnownFileType = sourcecode.cpp.cpp; path = image.cpp; sourceTree = "<group>"; };
		3D2A99D20D7F2326003153F5 /* fastdownscale.h */ = {isa = PBXFileReference; fileEncoding = 4; lastKnownFileType = sourcecode.c.h; path = fastdownscale.h; sourceTree = "<group>"; };
		3D2A99DD0D7F258E003153F5 /* jpeg.h */ = {isa = PBXFileReference; fileEncoding = 4; lastKnownFileType = sourcecode.c.h; path = jpeg.h; sourceTree = "<group>"; };
		3D2A99DE0D7F258E003153F5 /* jpeg.cpp */ = {isa = PBXFileReference; fileEncoding = 4; lastKnownFileType = sourcecode.cpp.cpp; path = jpeg.cpp; sourceTree = "<group>"; };
		3D5A94480D7F4F45007B08C9 /* jpeglib.h */ = {isa = PBXFileReference; fileEncoding = 4; lastKnownFileType = sourcecode.c.h; name = jpeglib.h; path = "../jpeg-6b/jpeglib.h"; sourceTree = SOURCE_ROOT; };
		3D5A944B0D7F4F4D007B08C9 /* libjpeg.a */ = {isa = PBXFileReference; lastKnownFileType = archive.ar; name = libjpeg.a; path = "../jpeg-6b/libjpeg.a"; sourceTree = SOURCE_ROOT; };
		8DD76F6C0486A84900D96B5E /* fastdownscale */ = {isa = PBXFileReference; explicitFileType = "compiled.mach-o.executable"; includeInIndex = 0; path = fastdownscale; sourceTree = BUILT_PRODUCTS_DIR; };
/* End PBXFileReference section */

/* Begin PBXFrameworksBuildPhase section */
		8DD76F660486A84900D96B5E /* Frameworks */ = {
			isa = PBXFrameworksBuildPhase;
			buildActionMask = 2147483647;
			files = (
				3D5A944C0D7F4F4D007B08C9 /* libjpeg.a in Frameworks */,
			);
			runOnlyForDeploymentPostprocessing = 0;
		};
/* End PBXFrameworksBuildPhase section */

/* Begin PBXGroup section */
		08FB7794FE84155DC02AAC07 /* fastdownscale */ = {
			isa = PBXGroup;
			children = (
				3D2A9A010D7F4588003153F5 /* Libraries */,
				08FB7795FE84155DC02AAC07 /* Source */,
				C6859E8C029090F304C91782 /* Documentation */,
				1AB674ADFE9D54B511CA2CBB /* Products */,
			);
			name = fastdownscale;
			sourceTree = "<group>";
		};
		08FB7795FE84155DC02AAC07 /* Source */ = {
			isa = PBXGroup;
			children = (
				3D2A99D20D7F2326003153F5 /* fastdownscale.h */,
				08FB7796FE84155DC02AAC07 /* main.cpp */,
				3D2A99C10D7F1CB9003153F5 /* image.h */,
				3D2A99C20D7F1CB9003153F5 /* image.cpp */,
				3D2A99DD0D7F258E003153F5 /* jpeg.h */,
				3D2A99DE0D7F258E003153F5 /* jpeg.cpp */,
				3D06F54F0D7F8A1500E4C37B /* resize.h */,
				3D06F5500D7F8A1500E4C37B /* resize.cpp */,
			);
			name = Source;
			sourceTree = "<group>";
		};
		1AB674ADFE9D54B511CA2CBB /* Products */ = {
			isa = PBXGroup;
			children = (
				8DD76F6C0486A84900D96B5E /* fastdownscale */,
			);
			name = Products;
			sourceTree = "<group>";
		};
		3D2A9A010D7F4588003153F5 /* Libraries */ = {
			isa = PBXGroup;
			children = (
				3D5A944B0D7F4F4D007B08C9 /* libjpeg.a */,
				3D5A94480D7F4F45007B08C9 /* jpeglib.h */,
			);
			name = Libraries;
			sourceTree = "<group>";
		};
		C6859E8C029090F304C91782 /* Documentation */ = {
			isa = PBXGroup;
			children = (
			);
			name = Documentation;
			sourceTree = "<group>";
		};
/* End PBXGroup section */

/* Begin PBXNativeTarget section */
		8DD76F620486A84900D96B5E /* fastdownscale */ = {
			isa = PBXNativeTarget;
			buildConfigurationList = 1DEB923108733DC60010E9CD /* Build configuration list for PBXNativeTarget "fastdownscale" */;
			buildPhases = (
				8DD76F640486A84900D96B5E /* Sources */,
				8DD76F660486A84900D96B5E /* Frameworks */,
				8DD76F690486A84900D96B5E /* CopyFiles */,
			);
			buildRules = (
			);
			dependencies = (
			);
			name = fastdownscale;
			productInstallPath = "$(HOME)/bin";
			productName = fastdownscale;
			productReference = 8DD76F6C0486A84900D96B5E /* fastdownscale */;
			productType = "com.apple.product-type.tool";
		};
/* End PBXNativeTarget section */

/* Begin PBXProject section */
		08FB7793FE84155DC02AAC07 /* Project object */ = {
			isa = PBXProject;
			buildConfigurationList = 1DEB923508733DC60010E9CD /* Build configuration list for PBXProject "fastdownscale" */;
			compatibilityVersion = "Xcode 3.0";
			developmentRegion = English;
			hasScannedForEncodings = 1;
			knownRegions = (
				English,
				Japanese,
				French,
				German,
			);
			mainGroup = 08FB7794FE84155DC02AAC07 /* fastdownscale */;
			projectDirPath = "";
			projectRoot = "";
			targets = (
				8DD76F620486A84900D96B5E /* fastdownscale */,
			);
		};
/* End PBXProject section */

/* Begin PBXSourcesBuildPhase section */
		8DD76F640486A84900D96B5E /* Sources */ = {
			isa = PBXSourcesBuildPhase;
			buildActionMask = 2147483647;
			files = (
				8DD76F650486A84900D96B5E /* main.cpp in Sources */,
				3D2A99C30D7F1CB9003153F5 /* image.cpp in Sources */,
				3D2A99DF0D7F258E003153F5 /* jpeg.cpp in Sources */,
				3D06F5510D7F8A1500E4C37B /* resize.cpp in Sources */,
			);
			runOnlyForDeploymentPostprocessing = 0;
		};
/* End PBXSourcesBuildPhase section */

/* Begin XCBuildConfiguration section */
		1DEB923208733DC60010E9CD /* Debug */ = {
			isa = XCBuildConfiguration;
			buildSettings = {
				COPY_PHASE_STRIP = NO;
				DEAD_CODE_STRIPPING = YES;
				GCC_DYNAMIC_NO_PIC = NO;
				GCC_ENABLE_FIX_AND_CONTINUE = YES;
				GCC_MODEL_TUNING = G5;
				GCC_OPTIMIZATION_LEVEL = 0;
				GCC_PREPROCESSOR_DEFINITIONS = (
					"_GLIBCXX_DEBUG=1",
					"_GLIBCXX_DEBUG_PEDANTIC=1",
				);
				HEADER_SEARCH_PATHS = /sw/include;
				INSTALL_PATH = /usr/local/bin;
				LIBRARY_SEARCH_PATHS = (
					/sw/lib,
					"$(inherited)",
					"\"$(SRCROOT)/../jpeg-6b\"",
				);
				PRODUCT_NAME = fastdownscale;
				VALID_ARCHS = "ppc64 ppc7400 ppc970 i386 x86_64";
			};
			name = Debug;
		};
		1DEB923308733DC60010E9CD /* Release */ = {
			isa = XCBuildConfiguration;
			buildSettings = {
				DEAD_CODE_STRIPPING = YES;
				DEBUG_INFORMATION_FORMAT = "dwarf-with-dsym";
				GCC_AUTO_VECTORIZATION = YES;
				GCC_ENABLE_CPP_EXCEPTIONS = NO;
				GCC_ENABLE_CPP_RTTI = NO;
				GCC_ENABLE_SSE3_EXTENSIONS = YES;
				GCC_ENABLE_SUPPLEMENTAL_SSE3_INSTRUCTIONS = YES;
				GCC_FAST_MATH = YES;
				GCC_MODEL_TUNING = G5;
				GCC_OPTIMIZATION_LEVEL = 3;
				GCC_STRICT_ALIASING = YES;
				HEADER_SEARCH_PATHS = /sw/include;
				INSTALL_PATH = /usr/local/bin;
				LIBRARY_SEARCH_PATHS = (
					/sw/lib,
					"$(inherited)",
					"\"$(SRCROOT)/../jpeg-6b\"",
				);
				PRODUCT_NAME = fastdownscale;
				VALID_ARCHS = "ppc64 ppc7400 ppc970 i386 x86_64";
			};
			name = Release;
		};
		1DEB923608733DC60010E9CD /* Debug */ = {
			isa = XCBuildConfiguration;
			buildSettings = {
				GCC_WARN_ABOUT_RETURN_TYPE = YES;
				GCC_WARN_UNUSED_VARIABLE = YES;
				PREBINDING = NO;
				SDKROOT = "$(DEVELOPER_SDK_DIR)/MacOSX10.5.sdk";
			};
			name = Debug;
		};
		1DEB923708733DC60010E9CD /* Release */ = {
			isa = XCBuildConfiguration;
			buildSettings = {
				ARCHS = (
					ppc,
					i386,
				);
				GCC_WARN_ABOUT_RETURN_TYPE = YES;
				GCC_WARN_UNUSED_VARIABLE = YES;
				PREBINDING = NO;
				SDKROOT = "$(DEVELOPER_SDK_DIR)/MacOSX10.5.sdk";
			};
			name = Release;
		};
/* End XCBuildConfiguration section */

/* Begin XCConfigurationList section */
		1DEB923108733DC60010E9CD /* Build configuration list for PBXNativeTarget "fastdownscale" */ = {
			isa = XCConfigurationList;
			buildConfigurations = (
				1DEB923208733DC60010E9CD /* Debug */,
				1DEB923308733DC60010E9CD /* Release */,
			);
			defaultConfigurationIsVisible = 0;
			defaultConfigurationName = Release;
		};
		1DEB923508733DC60010E9CD /* Build configuration list for PBXProject "fastdownscale" */ = {
			isa = XCConfigurationList;
			buildConfigurations = (
				1DEB923608733DC60010E9CD /* Debug */,
				1DEB923708733DC60010E9CD /* Release */,
			);
			defaultConfigurationIsVisible = 0;
			defaultConfigurationName = Release;
		};
/* End XCConfigurationList section */
	};
	rootObject = 08FB7793FE84155DC02AAC07 /* Project object */;
}
